
Microsoft Visual Studio Solution File, Format Version 11.00
# Visual Studio 2010
Project("{FAE04EC0-301F-11D3-BF4B-00C04F79EFBC}") = "UCLouvain.ExpertOpinionSharp", "ExpertOpinionSharp\UCLouvain.ExpertOpinionSharp.csproj", "{17EE1289-7F54-404E-BD17-2FAB7D0C59C5}"
EndProject
Project("{FAE04EC0-301F-11D3-BF4B-00C04F79EFBC}") = "UCLouvain.ExpertOpinionSharp.Tests", "ExpertOpinionSharp.Tests\UCLouvain.ExpertOpinionSharp.Tests.csproj", "{2AC0241F-E158-460C-BF30-A385FB80F88F}"
EndProject
Global
	GlobalSection(SolutionConfigurationPlatforms) = preSolution
		Debug|Any CPU = Debug|Any CPU
		Release|Any CPU = Release|Any CPU
	EndGlobalSection
	GlobalSection(ProjectConfigurationPlatforms) = postSolution
		{17EE1289-7F54-404E-BD17-2FAB7D0C59C5}.Debug|Any CPU.ActiveCfg = Debug|Any CPU
		{17EE1289-7F54-404E-BD17-2FAB7D0C59C5}.Debug|Any CPU.Build.0 = Debug|Any CPU
		{17EE1289-7F54-404E-BD17-2FAB7D0C59C5}.Release|Any CPU.ActiveCfg = Release|Any CPU
		{17EE1289-7F54-404E-BD17-2FAB7D0C59C5}.Release|Any CPU.Build.0 = Release|Any CPU
		{2AC0241F-E158-460C-BF30-A385FB80F88F}.Debug|Any CPU.ActiveCfg = Debug|Any CPU
		{2AC0241F-E158-460C-BF30-A385FB80F88F}.Debug|Any CPU.Build.0 = Debug|Any CPU
		{2AC0241F-E158-460C-BF30-A385FB80F88F}.Release|Any CPU.ActiveCfg = Release|Any CPU
		{2AC0241F-E158-460C-BF30-A385FB80F88F}.Release|Any CPU.Build.0 = Release|Any CPU
	EndGlobalSection
EndGlobal
